
Microsoft Visual Studio Solution File, Format Version 12.00
# Visual Studio Version 16
VisualStudioVersion = 16.0.30804.86
MinimumVisualStudioVersion = 10.0.40219.1
Project("{FAE04EC0-301F-11D3-BF4B-00C04F79EFBC}") = "ngNetCoreI18n", "ngNetCoreI18n\ngNetCoreI18n.csproj", "{72C7A786-16B8-4E01-AD64-65A86C45C93C}"
EndProject
Global
	GlobalSection(SolutionConfigurationPlatforms) = preSolution
		Debug|Any CPU = Debug|Any CPU
		Release|Any CPU = Release|Any CPU
	EndGlobalSection
	GlobalSection(ProjectConfigurationPlatforms) = postSolution
		{72C7A786-16B8-4E01-AD64-65A86C45C93C}.Debug|Any CPU.ActiveCfg = Debug|Any CPU
		{72C7A786-16B8-4E01-AD64-65A86C45C93C}.Debug|Any CPU.Build.0 = Debug|Any CPU
		{72C7A786-16B8-4E01-AD64-65A86C45C93C}.Release|Any CPU.ActiveCfg = Release|Any CPU
		{72C7A786-16B8-4E01-AD64-65A86C45C93C}.Release|Any CPU.Build.0 = Release|Any CPU
	EndGlobalSection
	GlobalSection(SolutionProperties) = preSolution
		HideSolutionNode = FALSE
	EndGlobalSection
	GlobalSection(ExtensibilityGlobals) = postSolution
		SolutionGuid = {33EC31AD-2D21-466B-9699-B2AF007D5E19}
	EndGlobalSection
EndGlobal
